# THIS IS AN AUTOGENERATED FILE. DO NOT EDIT THIS FILE DIRECTLY.
# yarn lockfile v1


"@babel/runtime-corejs2@^7.2.0":
  version "7.4.5"
  resolved "https://registry.yarnpkg.com/@babel/runtime-corejs2/-/runtime-corejs2-7.4.5.tgz#3d892f0560df21bafb384dd7727e33853e95d3c9"
  integrity sha512-5yLuwzvIDecKwYMzJtiarky4Fb5643H3Ao5jwX0HrMR5oM5mn2iHH9wSZonxwNK0oAjAFUQAiOd4jT7/9Y2jMQ==
  dependencies:
    core-js "^2.6.5"
    regenerator-runtime "^0.13.2"

"@zeit/ncc@^0.20.2":
  version "0.20.2"
  resolved "https://registry.yarnpkg.com/@zeit/ncc/-/ncc-0.20.2.tgz#5f5f67b51d6bd1f92e334c4aeed799dc9625a459"
  integrity sha512-pLc/iJ68//djAW3jE2xMm5vauAuN0wuq9bv4ha/AAlVOBhJXHrx7GBo8SITTZq11nT8wWzYrY0eotw4UfZBiiw==

arg@^4.1.0:
  version "4.1.0"
  resolved "https://registry.yarnpkg.com/arg/-/arg-4.1.0.tgz#583c518199419e0037abb74062c37f8519e575f0"
  integrity sha512-ZWc51jO3qegGkVh8Hwpv636EkbesNV5ZNQPCtRa+0qytRYPEs9IYT9qITY9buezqUH5uqyzlWLcufrzU2rffdg==

core-js@^2.6.5:
  version "2.6.9"
  resolved "https://registry.yarnpkg.com/core-js/-/core-js-2.6.9.tgz#6b4b214620c834152e179323727fc19741b084f2"
  integrity sha512-HOpZf6eXmnl7la+cUdMnLvUxKNqLUzJvgIziQ0DiF3JwSImNphIqdGqzj6hIKyX04MmV0poclQ7+wjWvxQyR2A==

regenerator-runtime@^0.13.2:
  version "0.13.2"
  resolved "https://registry.yarnpkg.com/regenerator-runtime/-/regenerator-runtime-0.13.2.tgz#32e59c9a6fb9b1a4aff09b4930ca2d4477343447"
  integrity sha512-S/TQAZJO+D3m9xeN1WTI8dLKBBiRgXBlTJvbWjCThHWZj9EvHK70Ff50/tYj2J/fvBY6JtFVwRuazHN2E7M9BA==

xregexp@^4.2.4:
  version "4.2.4"
  resolved "https://registry.yarnpkg.com/xregexp/-/xregexp-4.2.4.tgz#02a4aea056d65a42632c02f0233eab8e4d7e57ed"
  integrity sha512-sO0bYdYeJAJBcJA8g7MJJX7UrOZIfJPd8U2SC7B2Dd/J24U0aQNoGp33shCaBSWeb0rD5rh6VBUIXOkGal1TZA==
  dependencies:
    "@babel/runtime-corejs2" "^7.2.0"
